
Microsoft Visual Studio Solution File, Format Version 12.00
# Visual Studio Version 16
VisualStudioVersion = 16.0.29509.3
MinimumVisualStudioVersion = 10.0.40219.1
Project("{FAE04EC0-301F-11D3-BF4B-00C04F79EFBC}") = "Introduction", "Introduction\Introduction.csproj", "{5DA0EAE2-B642-47D2-B0FA-E517D0E173AF}"
EndProject
Project("{FAE04EC0-301F-11D3-BF4B-00C04F79EFBC}") = "Features", "Features\Features.csproj", "{4CCFDB0F-E4B9-484B-822A-B1FC71D7281F}"
EndProject
Global
	GlobalSection(SolutionConfigurationPlatforms) = preSolution
		Debug|Any CPU = Debug|Any CPU
		Release|Any CPU = Release|Any CPU
	EndGlobalSection
	GlobalSection(ProjectConfigurationPlatforms) = postSolution
		{5DA0EAE2-B642-47D2-B0FA-E517D0E173AF}.Debug|Any CPU.ActiveCfg = Debug|Any CPU
		{5DA0EAE2-B642-47D2-B0FA-E517D0E173AF}.Debug|Any CPU.Build.0 = Debug|Any CPU
		{5DA0EAE2-B642-47D2-B0FA-E517D0E173AF}.Release|Any CPU.ActiveCfg = Release|Any CPU
		{5DA0EAE2-B642-47D2-B0FA-E517D0E173AF}.Release|Any CPU.Build.0 = Release|Any CPU
		{4CCFDB0F-E4B9-484B-822A-B1FC71D7281F}.Debug|Any CPU.ActiveCfg = Debug|Any CPU
		{4CCFDB0F-E4B9-484B-822A-B1FC71D7281F}.Debug|Any CPU.Build.0 = Debug|Any CPU
		{4CCFDB0F-E4B9-484B-822A-B1FC71D7281F}.Release|Any CPU.ActiveCfg = Release|Any CPU
		{4CCFDB0F-E4B9-484B-822A-B1FC71D7281F}.Release|Any CPU.Build.0 = Release|Any CPU
	EndGlobalSection
	GlobalSection(SolutionProperties) = preSolution
		HideSolutionNode = FALSE
	EndGlobalSection
	GlobalSection(ExtensibilityGlobals) = postSolution
		SolutionGuid = {BD696798-4287-43E8-9974-A691DB387A73}
	EndGlobalSection
EndGlobal
